
Microsoft Visual Studio Solution File, Format Version 12.00
# Visual Studio Version 17
VisualStudioVersion = 17.10.35122.118
MinimumVisualStudioVersion = 10.0.40219.1
Project("{FAE04EC0-301F-11D3-BF4B-00C04F79EFBC}") = "Qinshift.NotesApp", "Qinshift.NotesApp\Qinshift.NotesApp.csproj", "{A3725162-BE32-4532-8ED7-55D055867A3E}"
EndProject
Global
	GlobalSection(SolutionConfigurationPlatforms) = preSolution
		Debug|Any CPU = Debug|Any CPU
		Release|Any CPU = Release|Any CPU
	EndGlobalSection
	GlobalSection(ProjectConfigurationPlatforms) = postSolution
		{A3725162-BE32-4532-8ED7-55D055867A3E}.Debug|Any CPU.ActiveCfg = Debug|Any CPU
		{A3725162-BE32-4532-8ED7-55D055867A3E}.Debug|Any CPU.Build.0 = Debug|Any CPU
		{A3725162-BE32-4532-8ED7-55D055867A3E}.Release|Any CPU.ActiveCfg = Release|Any CPU
		{A3725162-BE32-4532-8ED7-55D055867A3E}.Release|Any CPU.Build.0 = Release|Any CPU
	EndGlobalSection
	GlobalSection(SolutionProperties) = preSolution
		HideSolutionNode = FALSE
	EndGlobalSection
	GlobalSection(ExtensibilityGlobals) = postSolution
		SolutionGuid = {E1B97662-BBDD-4F20-97CD-9C79FF5DF590}
	EndGlobalSection
EndGlobal
