
Microsoft Visual Studio Solution File, Format Version 12.00
# Visual Studio Version 17
VisualStudioVersion = 17.9.34714.143
MinimumVisualStudioVersion = 10.0.40219.1
Project("{FAE04EC0-301F-11D3-BF4B-00C04F79EFBC}") = "Qinshift.NotesApp.Scaffold", "Qinshift.NotesApp.Scaffold\Qinshift.NotesApp.Scaffold.csproj", "{800264D3-CB6C-4F22-8E16-6CC9A7CFBA59}"
EndProject
Global
	GlobalSection(SolutionConfigurationPlatforms) = preSolution
		Debug|Any CPU = Debug|Any CPU
		Release|Any CPU = Release|Any CPU
	EndGlobalSection
	GlobalSection(ProjectConfigurationPlatforms) = postSolution
		{800264D3-CB6C-4F22-8E16-6CC9A7CFBA59}.Debug|Any CPU.ActiveCfg = Debug|Any CPU
		{800264D3-CB6C-4F22-8E16-6CC9A7CFBA59}.Debug|Any CPU.Build.0 = Debug|Any CPU
		{800264D3-CB6C-4F22-8E16-6CC9A7CFBA59}.Release|Any CPU.ActiveCfg = Release|Any CPU
		{800264D3-CB6C-4F22-8E16-6CC9A7CFBA59}.Release|Any CPU.Build.0 = Release|Any CPU
	EndGlobalSection
	GlobalSection(SolutionProperties) = preSolution
		HideSolutionNode = FALSE
	EndGlobalSection
	GlobalSection(ExtensibilityGlobals) = postSolution
		SolutionGuid = {D193E144-5668-47F0-88D7-AFE120C598C0}
	EndGlobalSection
EndGlobal
