
Microsoft Visual Studio Solution File, Format Version 12.00
# Visual Studio Version 17
VisualStudioVersion = 17.8.34330.188
MinimumVisualStudioVersion = 10.0.40219.1
Project("{FAE04EC0-301F-11D3-BF4B-00C04F79EFBC}") = "MoviesApp", "MoviesApp\MoviesApp.csproj", "{84C33967-301F-4DFA-B281-DC46F6EBABFB}"
EndProject
Global
	GlobalSection(SolutionConfigurationPlatforms) = preSolution
		Debug|Any CPU = Debug|Any CPU
		Release|Any CPU = Release|Any CPU
	EndGlobalSection
	GlobalSection(ProjectConfigurationPlatforms) = postSolution
		{84C33967-301F-4DFA-B281-DC46F6EBABFB}.Debug|Any CPU.ActiveCfg = Debug|Any CPU
		{84C33967-301F-4DFA-B281-DC46F6EBABFB}.Debug|Any CPU.Build.0 = Debug|Any CPU
		{84C33967-301F-4DFA-B281-DC46F6EBABFB}.Release|Any CPU.ActiveCfg = Release|Any CPU
		{84C33967-301F-4DFA-B281-DC46F6EBABFB}.Release|Any CPU.Build.0 = Release|Any CPU
	EndGlobalSection
	GlobalSection(SolutionProperties) = preSolution
		HideSolutionNode = FALSE
	EndGlobalSection
	GlobalSection(ExtensibilityGlobals) = postSolution
		SolutionGuid = {D7F8BAD8-2734-4AA5-8F65-288B5599FF59}
	EndGlobalSection
EndGlobal
