
Microsoft Visual Studio Solution File, Format Version 12.00
# Visual Studio Version 17
VisualStudioVersion = 17.2.32526.322
MinimumVisualStudioVersion = 10.0.40219.1
Project("{FAE04EC0-301F-11D3-BF4B-00C04F79EFBC}") = "SEDC.MoviesApp", "SEDC.MoviesApp\SEDC.MoviesApp.csproj", "{B0C54560-FD49-448B-8EAA-B966E608C536}"
EndProject
Project("{FAE04EC0-301F-11D3-BF4B-00C04F79EFBC}") = "SEDC.MoviesApp.Domain", "SEDC.MoviesApp.Domain\SEDC.MoviesApp.Domain.csproj", "{5584BDC8-FE80-4411-9BF9-14269FAD7E76}"
EndProject
Project("{FAE04EC0-301F-11D3-BF4B-00C04F79EFBC}") = "SEDC.MoviesApp.DataAccess", "SEDC.MoviesApp.DataAccess\SEDC.MoviesApp.DataAccess.csproj", "{E9C2D595-D213-4EB4-B014-BF64A4064B02}"
EndProject
Project("{FAE04EC0-301F-11D3-BF4B-00C04F79EFBC}") = "SEDC.MoviesApp.Services", "SEDC.MoviesApp.Services\SEDC.MoviesApp.Services.csproj", "{CFB3414A-66EE-453F-BA52-6099DB6808F4}"
EndProject
Project("{FAE04EC0-301F-11D3-BF4B-00C04F79EFBC}") = "SEDC.MoviesApp.Helpers", "SEDC.MoviesApp.Helpers\SEDC.MoviesApp.Helpers.csproj", "{D0C3D805-54E2-47C2-9910-9FF4BF67DBE6}"
EndProject
Project("{FAE04EC0-301F-11D3-BF4B-00C04F79EFBC}") = "SEDC.MoviesApp.Shared", "SEDC.MoviesApp.Shared\SEDC.MoviesApp.Shared.csproj", "{80E91455-C06E-4257-BA9F-216CE2B95FAC}"
EndProject
Project("{FAE04EC0-301F-11D3-BF4B-00C04F79EFBC}") = "SEDC.MoviesApp.Mappers", "SEDC.MoviesApp.Mappers\SEDC.MoviesApp.Mappers.csproj", "{1A46D767-400C-4422-A983-4A3EA57879F2}"
EndProject
Project("{FAE04EC0-301F-11D3-BF4B-00C04F79EFBC}") = "SEDC.MoviesApp.Dtos", "SEDC.MoviesApp.Dtos\SEDC.MoviesApp.Dtos.csproj", "{362FE391-4432-4230-9909-D5C877412CC0}"
EndProject
Global
	GlobalSection(SolutionConfigurationPlatforms) = preSolution
		Debug|Any CPU = Debug|Any CPU
		Release|Any CPU = Release|Any CPU
	EndGlobalSection
	GlobalSection(ProjectConfigurationPlatforms) = postSolution
		{B0C54560-FD49-448B-8EAA-B966E608C536}.Debug|Any CPU.ActiveCfg = Debug|Any CPU
		{B0C54560-FD49-448B-8EAA-B966E608C536}.Debug|Any CPU.Build.0 = Debug|Any CPU
		{B0C54560-FD49-448B-8EAA-B966E608C536}.Release|Any CPU.ActiveCfg = Release|Any CPU
		{B0C54560-FD49-448B-8EAA-B966E608C536}.Release|Any CPU.Build.0 = Release|Any CPU
		{5584BDC8-FE80-4411-9BF9-14269FAD7E76}.Debug|Any CPU.ActiveCfg = Debug|Any CPU
		{5584BDC8-FE80-4411-9BF9-14269FAD7E76}.Debug|Any CPU.Build.0 = Debug|Any CPU
		{5584BDC8-FE80-4411-9BF9-14269FAD7E76}.Release|Any CPU.ActiveCfg = Release|Any CPU
		{5584BDC8-FE80-4411-9BF9-14269FAD7E76}.Release|Any CPU.Build.0 = Release|Any CPU
		{E9C2D595-D213-4EB4-B014-BF64A4064B02}.Debug|Any CPU.ActiveCfg = Debug|Any CPU
		{E9C2D595-D213-4EB4-B014-BF64A4064B02}.Debug|Any CPU.Build.0 = Debug|Any CPU
		{E9C2D595-D213-4EB4-B014-BF64A4064B02}.Release|Any CPU.ActiveCfg = Release|Any CPU
		{E9C2D595-D213-4EB4-B014-BF64A4064B02}.Release|Any CPU.Build.0 = Release|Any CPU
		{CFB3414A-66EE-453F-BA52-6099DB6808F4}.Debug|Any CPU.ActiveCfg = Debug|Any CPU
		{CFB3414A-66EE-453F-BA52-6099DB6808F4}.Debug|Any CPU.Build.0 = Debug|Any CPU
		{CFB3414A-66EE-453F-BA52-6099DB6808F4}.Release|Any CPU.ActiveCfg = Release|Any CPU
		{CFB3414A-66EE-453F-BA52-6099DB6808F4}.Release|Any CPU.Build.0 = Release|Any CPU
		{D0C3D805-54E2-47C2-9910-9FF4BF67DBE6}.Debug|Any CPU.ActiveCfg = Debug|Any CPU
		{D0C3D805-54E2-47C2-9910-9FF4BF67DBE6}.Debug|Any CPU.Build.0 = Debug|Any CPU
		{D0C3D805-54E2-47C2-9910-9FF4BF67DBE6}.Release|Any CPU.ActiveCfg = Release|Any CPU
		{D0C3D805-54E2-47C2-9910-9FF4BF67DBE6}.Release|Any CPU.Build.0 = Release|Any CPU
		{80E91455-C06E-4257-BA9F-216CE2B95FAC}.Debug|Any CPU.ActiveCfg = Debug|Any CPU
		{80E91455-C06E-4257-BA9F-216CE2B95FAC}.Debug|Any CPU.Build.0 = Debug|Any CPU
		{80E91455-C06E-4257-BA9F-216CE2B95FAC}.Release|Any CPU.ActiveCfg = Release|Any CPU
		{80E91455-C06E-4257-BA9F-216CE2B95FAC}.Release|Any CPU.Build.0 = Release|Any CPU
		{1A46D767-400C-4422-A983-4A3EA57879F2}.Debug|Any CPU.ActiveCfg = Debug|Any CPU
		{1A46D767-400C-4422-A983-4A3EA57879F2}.Debug|Any CPU.Build.0 = Debug|Any CPU
		{1A46D767-400C-4422-A983-4A3EA57879F2}.Release|Any CPU.ActiveCfg = Release|Any CPU
		{1A46D767-400C-4422-A983-4A3EA57879F2}.Release|Any CPU.Build.0 = Release|Any CPU
		{362FE391-4432-4230-9909-D5C877412CC0}.Debug|Any CPU.ActiveCfg = Debug|Any CPU
		{362FE391-4432-4230-9909-D5C877412CC0}.Debug|Any CPU.Build.0 = Debug|Any CPU
		{362FE391-4432-4230-9909-D5C877412CC0}.Release|Any CPU.ActiveCfg = Release|Any CPU
		{362FE391-4432-4230-9909-D5C877412CC0}.Release|Any CPU.Build.0 = Release|Any CPU
	EndGlobalSection
	GlobalSection(SolutionProperties) = preSolution
		HideSolutionNode = FALSE
	EndGlobalSection
	GlobalSection(ExtensibilityGlobals) = postSolution
		SolutionGuid = {4FC1D06E-7A3D-4944-B1E5-DF5C37D62E41}
	EndGlobalSection
EndGlobal
