
Microsoft Visual Studio Solution File, Format Version 12.00
# Visual Studio Version 17
VisualStudioVersion = 17.9.34714.143
MinimumVisualStudioVersion = 10.0.40219.1
Project("{FAE04EC0-301F-11D3-BF4B-00C04F79EFBC}") = "OurFirstWebApi", "OurFirstWebApi\OurFirstWebApi.csproj", "{43921B54-AEF7-48EA-A8B4-F903FF2D28FD}"
EndProject
Global
	GlobalSection(SolutionConfigurationPlatforms) = preSolution
		Debug|Any CPU = Debug|Any CPU
		Release|Any CPU = Release|Any CPU
	EndGlobalSection
	GlobalSection(ProjectConfigurationPlatforms) = postSolution
		{43921B54-AEF7-48EA-A8B4-F903FF2D28FD}.Debug|Any CPU.ActiveCfg = Debug|Any CPU
		{43921B54-AEF7-48EA-A8B4-F903FF2D28FD}.Debug|Any CPU.Build.0 = Debug|Any CPU
		{43921B54-AEF7-48EA-A8B4-F903FF2D28FD}.Release|Any CPU.ActiveCfg = Release|Any CPU
		{43921B54-AEF7-48EA-A8B4-F903FF2D28FD}.Release|Any CPU.Build.0 = Release|Any CPU
	EndGlobalSection
	GlobalSection(SolutionProperties) = preSolution
		HideSolutionNode = FALSE
	EndGlobalSection
	GlobalSection(ExtensibilityGlobals) = postSolution
		SolutionGuid = {5ABB625E-6B03-480D-B996-5ED18F7A03EE}
	EndGlobalSection
EndGlobal
