
Microsoft Visual Studio Solution File, Format Version 12.00
# Visual Studio Version 17
VisualStudioVersion = 17.10.35122.118
MinimumVisualStudioVersion = 10.0.40219.1
Project("{9A19103F-16F7-4668-BE54-9A1E7A4F7556}") = "Qinshift.MoviesApp", "Qinshift.MoviesApp\Qinshift.MoviesApp.csproj", "{9DCDDECF-4377-4A1C-B052-0EA093D2BE17}"
EndProject
Global
	GlobalSection(SolutionConfigurationPlatforms) = preSolution
		Debug|Any CPU = Debug|Any CPU
		Release|Any CPU = Release|Any CPU
	EndGlobalSection
	GlobalSection(ProjectConfigurationPlatforms) = postSolution
		{9DCDDECF-4377-4A1C-B052-0EA093D2BE17}.Debug|Any CPU.ActiveCfg = Debug|Any CPU
		{9DCDDECF-4377-4A1C-B052-0EA093D2BE17}.Debug|Any CPU.Build.0 = Debug|Any CPU
		{9DCDDECF-4377-4A1C-B052-0EA093D2BE17}.Release|Any CPU.ActiveCfg = Release|Any CPU
		{9DCDDECF-4377-4A1C-B052-0EA093D2BE17}.Release|Any CPU.Build.0 = Release|Any CPU
	EndGlobalSection
	GlobalSection(SolutionProperties) = preSolution
		HideSolutionNode = FALSE
	EndGlobalSection
	GlobalSection(ExtensibilityGlobals) = postSolution
		SolutionGuid = {38299F5C-B23F-4A2C-881A-57CB979486B3}
	EndGlobalSection
EndGlobal
