
Microsoft Visual Studio Solution File, Format Version 12.00
# Visual Studio Version 17
VisualStudioVersion = 17.9.34728.123
MinimumVisualStudioVersion = 10.0.40219.1
Project("{FAE04EC0-301F-11D3-BF4B-00C04F79EFBC}") = "Qinshift.NotesApp.API", "Qinshift.NotesApp.API\Qinshift.NotesApp.API.csproj", "{5A4AF383-C824-4FB8-95CF-2AEB4D1A43D9}"
EndProject
Global
	GlobalSection(SolutionConfigurationPlatforms) = preSolution
		Debug|Any CPU = Debug|Any CPU
		Release|Any CPU = Release|Any CPU
	EndGlobalSection
	GlobalSection(ProjectConfigurationPlatforms) = postSolution
		{5A4AF383-C824-4FB8-95CF-2AEB4D1A43D9}.Debug|Any CPU.ActiveCfg = Debug|Any CPU
		{5A4AF383-C824-4FB8-95CF-2AEB4D1A43D9}.Debug|Any CPU.Build.0 = Debug|Any CPU
		{5A4AF383-C824-4FB8-95CF-2AEB4D1A43D9}.Release|Any CPU.ActiveCfg = Release|Any CPU
		{5A4AF383-C824-4FB8-95CF-2AEB4D1A43D9}.Release|Any CPU.Build.0 = Release|Any CPU
	EndGlobalSection
	GlobalSection(SolutionProperties) = preSolution
		HideSolutionNode = FALSE
	EndGlobalSection
	GlobalSection(ExtensibilityGlobals) = postSolution
		SolutionGuid = {2D4820AA-6F63-47B1-96CC-2268E505584E}
	EndGlobalSection
EndGlobal
