
Microsoft Visual Studio Solution File, Format Version 12.00
# Visual Studio Version 17
VisualStudioVersion = 17.9.34728.123
MinimumVisualStudioVersion = 10.0.40219.1
Project("{9A19103F-16F7-4668-BE54-9A1E7A4F7556}") = "Qinshift.EShop.API", "Qinshift.EShop.API\Qinshift.EShop.API.csproj", "{49D4576A-BD9B-4369-8723-8ACC0958DA08}"
EndProject
Project("{FAE04EC0-301F-11D3-BF4B-00C04F79EFBC}") = "Qinshift.EShop.DomainModels", "Qinshift.EShop.DomainModels\Qinshift.EShop.DomainModels.csproj", "{F254A6E7-A019-49DE-877F-69BC89BA0D6E}"
EndProject
Project("{FAE04EC0-301F-11D3-BF4B-00C04F79EFBC}") = "Qinshift.EShop.DataAccess", "Qinshift.EShop.DataAccess\Qinshift.EShop.DataAccess.csproj", "{8CBE5189-A9DF-42E7-8C9B-DEE9A7AA472C}"
EndProject
Project("{FAE04EC0-301F-11D3-BF4B-00C04F79EFBC}") = "Qinshift.EShop.Services", "Qinshift.Services\Qinshift.EShop.Services.csproj", "{3B3CEEBB-608F-477D-A195-61D2952DC834}"
EndProject
Project("{FAE04EC0-301F-11D3-BF4B-00C04F79EFBC}") = "Qinshift.EShop.DTOs", "Qinshift.EShop.DTOs\Qinshift.EShop.DTOs.csproj", "{FCD14CEF-C84D-4270-9F65-88BCDB62510C}"
EndProject
Global
	GlobalSection(SolutionConfigurationPlatforms) = preSolution
		Debug|Any CPU = Debug|Any CPU
		Release|Any CPU = Release|Any CPU
	EndGlobalSection
	GlobalSection(ProjectConfigurationPlatforms) = postSolution
		{49D4576A-BD9B-4369-8723-8ACC0958DA08}.Debug|Any CPU.ActiveCfg = Debug|Any CPU
		{49D4576A-BD9B-4369-8723-8ACC0958DA08}.Debug|Any CPU.Build.0 = Debug|Any CPU
		{49D4576A-BD9B-4369-8723-8ACC0958DA08}.Release|Any CPU.ActiveCfg = Release|Any CPU
		{49D4576A-BD9B-4369-8723-8ACC0958DA08}.Release|Any CPU.Build.0 = Release|Any CPU
		{F254A6E7-A019-49DE-877F-69BC89BA0D6E}.Debug|Any CPU.ActiveCfg = Debug|Any CPU
		{F254A6E7-A019-49DE-877F-69BC89BA0D6E}.Debug|Any CPU.Build.0 = Debug|Any CPU
		{F254A6E7-A019-49DE-877F-69BC89BA0D6E}.Release|Any CPU.ActiveCfg = Release|Any CPU
		{F254A6E7-A019-49DE-877F-69BC89BA0D6E}.Release|Any CPU.Build.0 = Release|Any CPU
		{8CBE5189-A9DF-42E7-8C9B-DEE9A7AA472C}.Debug|Any CPU.ActiveCfg = Debug|Any CPU
		{8CBE5189-A9DF-42E7-8C9B-DEE9A7AA472C}.Debug|Any CPU.Build.0 = Debug|Any CPU
		{8CBE5189-A9DF-42E7-8C9B-DEE9A7AA472C}.Release|Any CPU.ActiveCfg = Release|Any CPU
		{8CBE5189-A9DF-42E7-8C9B-DEE9A7AA472C}.Release|Any CPU.Build.0 = Release|Any CPU
		{3B3CEEBB-608F-477D-A195-61D2952DC834}.Debug|Any CPU.ActiveCfg = Debug|Any CPU
		{3B3CEEBB-608F-477D-A195-61D2952DC834}.Debug|Any CPU.Build.0 = Debug|Any CPU
		{3B3CEEBB-608F-477D-A195-61D2952DC834}.Release|Any CPU.ActiveCfg = Release|Any CPU
		{3B3CEEBB-608F-477D-A195-61D2952DC834}.Release|Any CPU.Build.0 = Release|Any CPU
		{FCD14CEF-C84D-4270-9F65-88BCDB62510C}.Debug|Any CPU.ActiveCfg = Debug|Any CPU
		{FCD14CEF-C84D-4270-9F65-88BCDB62510C}.Debug|Any CPU.Build.0 = Debug|Any CPU
		{FCD14CEF-C84D-4270-9F65-88BCDB62510C}.Release|Any CPU.ActiveCfg = Release|Any CPU
		{FCD14CEF-C84D-4270-9F65-88BCDB62510C}.Release|Any CPU.Build.0 = Release|Any CPU
	EndGlobalSection
	GlobalSection(SolutionProperties) = preSolution
		HideSolutionNode = FALSE
	EndGlobalSection
	GlobalSection(ExtensibilityGlobals) = postSolution
		SolutionGuid = {005F84C5-85F0-4265-B538-5AD673530466}
	EndGlobalSection
EndGlobal
