
Microsoft Visual Studio Solution File, Format Version 12.00
# Visual Studio Version 17
VisualStudioVersion = 17.10.35122.118
MinimumVisualStudioVersion = 10.0.40219.1
Project("{FAE04EC0-301F-11D3-BF4B-00C04F79EFBC}") = "EFDatabaseFirstDemo", "EFDatabaseFirstDemo\EFDatabaseFirstDemo.csproj", "{0109B371-F7CD-4C8D-9DF6-E7028DBC00CD}"
EndProject
Global
	GlobalSection(SolutionConfigurationPlatforms) = preSolution
		Debug|Any CPU = Debug|Any CPU
		Release|Any CPU = Release|Any CPU
	EndGlobalSection
	GlobalSection(ProjectConfigurationPlatforms) = postSolution
		{0109B371-F7CD-4C8D-9DF6-E7028DBC00CD}.Debug|Any CPU.ActiveCfg = Debug|Any CPU
		{0109B371-F7CD-4C8D-9DF6-E7028DBC00CD}.Debug|Any CPU.Build.0 = Debug|Any CPU
		{0109B371-F7CD-4C8D-9DF6-E7028DBC00CD}.Release|Any CPU.ActiveCfg = Release|Any CPU
		{0109B371-F7CD-4C8D-9DF6-E7028DBC00CD}.Release|Any CPU.Build.0 = Release|Any CPU
	EndGlobalSection
	GlobalSection(SolutionProperties) = preSolution
		HideSolutionNode = FALSE
	EndGlobalSection
	GlobalSection(ExtensibilityGlobals) = postSolution
		SolutionGuid = {BF191C99-84F6-4B23-9AB4-B9886A24D839}
	EndGlobalSection
EndGlobal
